// !$*UTF8*$!
{
	archiveVersion = 1;
	classes = {
	};
	objectVersion = 46;
	objects = {

/* Begin PBXBuildFile section */
		1C6E8D90AA6EA7D14C4141AE /* Pods_vite1_1.framework in Frameworks */ = {isa = PBXBuildFile; fileRef = D0979726921065C86ED1DA4F /* Pods_vite1_1.framework */; };
		81BA814B1A49DA1800E65899 /* AppDelegate.swift in Sources */ = {isa = PBXBuildFile; fileRef = 81BA814A1A49DA1800E65899 /* AppDelegate.swift */; };
		81BA814D1A49DA1800E65899 /* ViewController.swift in Sources */ = {isa = PBXBuildFile; fileRef = 81BA814C1A49DA1800E65899 /* ViewController.swift */; };
		81BA81771A49E0D500E65899 /* libsqlite3.dylib in Frameworks */ = {isa = PBXBuildFile; fileRef = 81BA81761A49E0D500E65899 /* libsqlite3.dylib */; };
		81BA81791A49E0DB00E65899 /* AudioToolbox.framework in Frameworks */ = {isa = PBXBuildFile; fileRef = 81BA81781A49E0DB00E65899 /* AudioToolbox.framework */; };
		81BA817B1A49E0E500E65899 /* SystemConfiguration.framework in Frameworks */ = {isa = PBXBuildFile; fileRef = 81BA817A1A49E0E500E65899 /* SystemConfiguration.framework */; };
		81BA817F1A49E0F000E65899 /* libstdc++.6.dylib in Frameworks */ = {isa = PBXBuildFile; fileRef = 81BA817E1A49E0F000E65899 /* libstdc++.6.dylib */; };
		9E17D2C51C603284009CF49D /* EventRequestsController.swift in Sources */ = {isa = PBXBuildFile; fileRef = 9E17D2C41C603284009CF49D /* EventRequestsController.swift */; };
		9E17D2C71C603A01009CF49D /* requestUserTableViewCell.swift in Sources */ = {isa = PBXBuildFile; fileRef = 9E17D2C61C603A01009CF49D /* requestUserTableViewCell.swift */; };
		9E1A4BBC1C518F23009B2D18 /* LoginController.swift in Sources */ = {isa = PBXBuildFile; fileRef = 9E1A4BBB1C518F23009B2D18 /* LoginController.swift */; };
		9E1A4BC21C51B75B009B2D18 /* Assets.xcassets in Resources */ = {isa = PBXBuildFile; fileRef = 9E1A4BC11C51B75B009B2D18 /* Assets.xcassets */; };
		9E1A4BC41C51B7A6009B2D18 /* CreateEventController.swift in Sources */ = {isa = PBXBuildFile; fileRef = 9E1A4BC31C51B7A6009B2D18 /* CreateEventController.swift */; };
		9E234A461C599236005C07D4 /* MenuTransitionManager .swift in Sources */ = {isa = PBXBuildFile; fileRef = 9E234A451C599236005C07D4 /* MenuTransitionManager .swift */; };
		9E234A861C5A9B54005C07D4 /* settingsTab.swift in Sources */ = {isa = PBXBuildFile; fileRef = 9E234A851C5A9B54005C07D4 /* settingsTab.swift */; };
		9E485A511C587BDC006B76A3 /* giphy.gif in Resources */ = {isa = PBXBuildFile; fileRef = 9E485A501C587BDC006B76A3 /* giphy.gif */; };
		9E87C0F91C51F2A600A7CF4F /* Launch Screen.storyboard in Resources */ = {isa = PBXBuildFile; fileRef = 9E87C0F81C51F2A600A7CF4F /* Launch Screen.storyboard */; };
		9E87C1291C52069F00A7CF4F /* Main.storyboard in Resources */ = {isa = PBXBuildFile; fileRef = 9E87C1281C52069F00A7CF4F /* Main.storyboard */; };
		9E87C1331C56CA2E00A7CF4F /* profileTab.swift in Sources */ = {isa = PBXBuildFile; fileRef = 9E87C1321C56CA2E00A7CF4F /* profileTab.swift */; };
		9E87C1351C57481E00A7CF4F /* TransitionManager.swift in Sources */ = {isa = PBXBuildFile; fileRef = 9E87C1341C57481E00A7CF4F /* TransitionManager.swift */; };
		9E87C1371C582B6F00A7CF4F /* choseEventPictureTransitionViewController.swift in Sources */ = {isa = PBXBuildFile; fileRef = 9E87C1361C582B6F00A7CF4F /* choseEventPictureTransitionViewController.swift */; };
		9E87C13B1C58458100A7CF4F /* Fabric.framework in Frameworks */ = {isa = PBXBuildFile; fileRef = 9E87C1391C58458100A7CF4F /* Fabric.framework */; };
		9E87C13C1C58458100A7CF4F /* Crashlytics.framework in Frameworks */ = {isa = PBXBuildFile; fileRef = 9E87C13A1C58458100A7CF4F /* Crashlytics.framework */; };
		F34F28D71C613A0500E4B776 /* Bolts.framework in Frameworks */ = {isa = PBXBuildFile; fileRef = F34F28D31C613A0500E4B776 /* Bolts.framework */; };
		F34F28D81C613A0500E4B776 /* Parse.framework in Frameworks */ = {isa = PBXBuildFile; fileRef = F34F28D41C613A0500E4B776 /* Parse.framework */; };
		F34F28D91C613A0500E4B776 /* ParseFacebookUtilsV4.framework in Frameworks */ = {isa = PBXBuildFile; fileRef = F34F28D51C613A0500E4B776 /* ParseFacebookUtilsV4.framework */; };
		F34F28DA1C613A0500E4B776 /* ParseUI.framework in Frameworks */ = {isa = PBXBuildFile; fileRef = F34F28D61C613A0500E4B776 /* ParseUI.framework */; };
		F34F28DE1C613A7A00E4B776 /* FBSDKCoreKit.framework in Frameworks */ = {isa = PBXBuildFile; fileRef = F34F28DB1C613A7A00E4B776 /* FBSDKCoreKit.framework */; };
		F34F28DF1C613A7A00E4B776 /* FBSDKLoginKit.framework in Frameworks */ = {isa = PBXBuildFile; fileRef = F34F28DC1C613A7A00E4B776 /* FBSDKLoginKit.framework */; };
		F34F28E01C613A7A00E4B776 /* FBSDKShareKit.framework in Frameworks */ = {isa = PBXBuildFile; fileRef = F34F28DD1C613A7A00E4B776 /* FBSDKShareKit.framework */; };
		F3C07D471C612FBB00841B83 /* SafariServices.framework in Frameworks */ = {isa = PBXBuildFile; fileRef = F3C07D461C612FBB00841B83 /* SafariServices.framework */; };
/* End PBXBuildFile section */

/* Begin PBXFileReference section */
		17B3ADBDCC8E16085248CFFE /* Pods-vite1.1.release.xcconfig */ = {isa = PBXFileReference; includeInIndex = 1; lastKnownFileType = text.xcconfig; name = "Pods-vite1.1.release.xcconfig"; path = "Pods/Target Support Files/Pods-vite1.1/Pods-vite1.1.release.xcconfig"; sourceTree = "<group>"; };
		814C3AC91B69877600E307BB /* Info.plist */ = {isa = PBXFileReference; fileEncoding = 4; lastKnownFileType = text.plist.xml; path = Info.plist; sourceTree = "<group>"; };
		81BA81451A49DA1800E65899 /* vite1.1.app */ = {isa = PBXFileReference; explicitFileType = wrapper.application; includeInIndex = 0; path = vite1.1.app; sourceTree = BUILT_PRODUCTS_DIR; };
		81BA814A1A49DA1800E65899 /* AppDelegate.swift */ = {isa = PBXFileReference; lastKnownFileType = sourcecode.swift; path = AppDelegate.swift; sourceTree = "<group>"; };
		81BA814C1A49DA1800E65899 /* ViewController.swift */ = {isa = PBXFileReference; lastKnownFileType = sourcecode.swift; path = ViewController.swift; sourceTree = "<group>"; };
		81BA81761A49E0D500E65899 /* libsqlite3.dylib */ = {isa = PBXFileReference; lastKnownFileType = "compiled.mach-o.dylib"; name = libsqlite3.dylib; path = usr/lib/libsqlite3.dylib; sourceTree = SDKROOT; };
		81BA81781A49E0DB00E65899 /* AudioToolbox.framework */ = {isa = PBXFileReference; lastKnownFileType = wrapper.framework; name = AudioToolbox.framework; path = System/Library/Frameworks/AudioToolbox.framework; sourceTree = SDKROOT; };
		81BA817A1A49E0E500E65899 /* SystemConfiguration.framework */ = {isa = PBXFileReference; lastKnownFileType = wrapper.framework; name = SystemConfiguration.framework; path = System/Library/Frameworks/SystemConfiguration.framework; sourceTree = SDKROOT; };
		81BA817E1A49E0F000E65899 /* libstdc++.6.dylib */ = {isa = PBXFileReference; lastKnownFileType = "compiled.mach-o.dylib"; name = "libstdc++.6.dylib"; path = "usr/lib/libstdc++.6.dylib"; sourceTree = SDKROOT; };
		9E17D2C41C603284009CF49D /* EventRequestsController.swift */ = {isa = PBXFileReference; fileEncoding = 4; lastKnownFileType = sourcecode.swift; path = EventRequestsController.swift; sourceTree = "<group>"; };
		9E17D2C61C603A01009CF49D /* requestUserTableViewCell.swift */ = {isa = PBXFileReference; fileEncoding = 4; lastKnownFileType = sourcecode.swift; path = requestUserTableViewCell.swift; sourceTree = "<group>"; };
		9E1A4BBB1C518F23009B2D18 /* LoginController.swift */ = {isa = PBXFileReference; fileEncoding = 4; lastKnownFileType = sourcecode.swift; path = LoginController.swift; sourceTree = "<group>"; };
		9E1A4BBD1C5191FD009B2D18 /* Bridging-Header.h */ = {isa = PBXFileReference; fileEncoding = 4; lastKnownFileType = sourcecode.c.h; path = "Bridging-Header.h"; sourceTree = "<group>"; };
		9E1A4BC11C51B75B009B2D18 /* Assets.xcassets */ = {isa = PBXFileReference; lastKnownFileType = folder.assetcatalog; path = Assets.xcassets; sourceTree = "<group>"; };
		9E1A4BC31C51B7A6009B2D18 /* CreateEventController.swift */ = {isa = PBXFileReference; fileEncoding = 4; lastKnownFileType = sourcecode.swift; path = CreateEventController.swift; sourceTree = "<group>"; };
		9E234A451C599236005C07D4 /* MenuTransitionManager .swift */ = {isa = PBXFileReference; fileEncoding = 4; lastKnownFileType = sourcecode.swift; path = "MenuTransitionManager .swift"; sourceTree = "<group>"; };
		9E234A851C5A9B54005C07D4 /* settingsTab.swift */ = {isa = PBXFileReference; fileEncoding = 4; lastKnownFileType = sourcecode.swift; path = settingsTab.swift; sourceTree = "<group>"; };
		9E485A501C587BDC006B76A3 /* giphy.gif */ = {isa = PBXFileReference; lastKnownFileType = image.gif; path = giphy.gif; sourceTree = "<group>"; };
		9E87C0F81C51F2A600A7CF4F /* Launch Screen.storyboard */ = {isa = PBXFileReference; fileEncoding = 4; lastKnownFileType = file.storyboard; path = "Launch Screen.storyboard"; sourceTree = "<group>"; };
		9E87C1281C52069F00A7CF4F /* Main.storyboard */ = {isa = PBXFileReference; fileEncoding = 4; lastKnownFileType = file.storyboard; path = Main.storyboard; sourceTree = "<group>"; };
		9E87C1321C56CA2E00A7CF4F /* profileTab.swift */ = {isa = PBXFileReference; fileEncoding = 4; lastKnownFileType = sourcecode.swift; path = profileTab.swift; sourceTree = "<group>"; };
		9E87C1341C57481E00A7CF4F /* TransitionManager.swift */ = {isa = PBXFileReference; fileEncoding = 4; lastKnownFileType = sourcecode.swift; path = TransitionManager.swift; sourceTree = "<group>"; };
		9E87C1361C582B6F00A7CF4F /* choseEventPictureTransitionViewController.swift */ = {isa = PBXFileReference; fileEncoding = 4; lastKnownFileType = sourcecode.swift; path = choseEventPictureTransitionViewController.swift; sourceTree = "<group>"; };
		9E87C1391C58458100A7CF4F /* Fabric.framework */ = {isa = PBXFileReference; lastKnownFileType = wrapper.framework; path = Fabric.framework; sourceTree = SOURCE_ROOT; };
		9E87C13A1C58458100A7CF4F /* Crashlytics.framework */ = {isa = PBXFileReference; lastKnownFileType = wrapper.framework; path = Crashlytics.framework; sourceTree = SOURCE_ROOT; };
		A13ECDD4DB3AF027105B8476 /* Pods-vite1.1.debug.xcconfig */ = {isa = PBXFileReference; includeInIndex = 1; lastKnownFileType = text.xcconfig; name = "Pods-vite1.1.debug.xcconfig"; path = "Pods/Target Support Files/Pods-vite1.1/Pods-vite1.1.debug.xcconfig"; sourceTree = "<group>"; };
		D0979726921065C86ED1DA4F /* Pods_vite1_1.framework */ = {isa = PBXFileReference; explicitFileType = wrapper.framework; includeInIndex = 0; path = Pods_vite1_1.framework; sourceTree = BUILT_PRODUCTS_DIR; };
		F34F28D31C613A0500E4B776 /* Bolts.framework */ = {isa = PBXFileReference; lastKnownFileType = wrapper.framework; name = Bolts.framework; path = "../Downloads/parse-library-1.12.0/Bolts.framework"; sourceTree = "<group>"; };
		F34F28D41C613A0500E4B776 /* Parse.framework */ = {isa = PBXFileReference; lastKnownFileType = wrapper.framework; name = Parse.framework; path = "../Downloads/parse-library-1.12.0/Parse.framework"; sourceTree = "<group>"; };
		F34F28D51C613A0500E4B776 /* ParseFacebookUtilsV4.framework */ = {isa = PBXFileReference; lastKnownFileType = wrapper.framework; name = ParseFacebookUtilsV4.framework; path = "../Downloads/parse-library-1.12.0/ParseFacebookUtilsV4.framework"; sourceTree = "<group>"; };
		F34F28D61C613A0500E4B776 /* ParseUI.framework */ = {isa = PBXFileReference; lastKnownFileType = wrapper.framework; name = ParseUI.framework; path = "../Downloads/parse-library-1.12.0/ParseUI.framework"; sourceTree = "<group>"; };
		F34F28DB1C613A7A00E4B776 /* FBSDKCoreKit.framework */ = {isa = PBXFileReference; lastKnownFileType = wrapper.framework; name = FBSDKCoreKit.framework; path = "../Downloads/FacebookSDKs-iOS-20160115/FBSDKCoreKit.framework"; sourceTree = "<group>"; };
		F34F28DC1C613A7A00E4B776 /* FBSDKLoginKit.framework */ = {isa = PBXFileReference; lastKnownFileType = wrapper.framework; name = FBSDKLoginKit.framework; path = "../Downloads/FacebookSDKs-iOS-20160115/FBSDKLoginKit.framework"; sourceTree = "<group>"; };
		F34F28DD1C613A7A00E4B776 /* FBSDKShareKit.framework */ = {isa = PBXFileReference; lastKnownFileType = wrapper.framework; name = FBSDKShareKit.framework; path = "../Downloads/FacebookSDKs-iOS-20160115/FBSDKShareKit.framework"; sourceTree = "<group>"; };
		F3C07D461C612FBB00841B83 /* SafariServices.framework */ = {isa = PBXFileReference; lastKnownFileType = wrapper.framework; name = SafariServices.framework; path = System/Library/Frameworks/SafariServices.framework; sourceTree = SDKROOT; };
/* End PBXFileReference section */

/* Begin PBXFrameworksBuildPhase section */
		81BA81421A49DA1800E65899 /* Frameworks */ = {
			isa = PBXFrameworksBuildPhase;
			buildActionMask = 2147483647;
			files = (
				F3C07D471C612FBB00841B83 /* SafariServices.framework in Frameworks */,
				81BA817F1A49E0F000E65899 /* libstdc++.6.dylib in Frameworks */,
				F34F28E01C613A7A00E4B776 /* FBSDKShareKit.framework in Frameworks */,
				81BA817B1A49E0E500E65899 /* SystemConfiguration.framework in Frameworks */,
				81BA81791A49E0DB00E65899 /* AudioToolbox.framework in Frameworks */,
				F34F28DF1C613A7A00E4B776 /* FBSDKLoginKit.framework in Frameworks */,
				F34F28D81C613A0500E4B776 /* Parse.framework in Frameworks */,
				81BA81771A49E0D500E65899 /* libsqlite3.dylib in Frameworks */,
				F34F28DA1C613A0500E4B776 /* ParseUI.framework in Frameworks */,
				1C6E8D90AA6EA7D14C4141AE /* Pods_vite1_1.framework in Frameworks */,
				F34F28DE1C613A7A00E4B776 /* FBSDKCoreKit.framework in Frameworks */,
				F34F28D71C613A0500E4B776 /* Bolts.framework in Frameworks */,
				9E87C13C1C58458100A7CF4F /* Crashlytics.framework in Frameworks */,
				9E87C13B1C58458100A7CF4F /* Fabric.framework in Frameworks */,
				F34F28D91C613A0500E4B776 /* ParseFacebookUtilsV4.framework in Frameworks */,
			);
			runOnlyForDeploymentPostprocessing = 0;
		};
/* End PBXFrameworksBuildPhase section */

/* Begin PBXGroup section */
		814C3AC51B69877600E307BB /* Resources */ = {
			isa = PBXGroup;
			children = (
				9E1A4BC11C51B75B009B2D18 /* Assets.xcassets */,
				9E1A4BBD1C5191FD009B2D18 /* Bridging-Header.h */,
				814C3AC91B69877600E307BB /* Info.plist */,
			);
			path = Resources;
			sourceTree = "<group>";
		};
		81BA813C1A49DA1800E65899 = {
			isa = PBXGroup;
			children = (
				81BA81471A49DA1800E65899 /* ParseStarterProject */,
				814C3AC51B69877600E307BB /* Resources */,
				81BA816A1A49DB5600E65899 /* Frameworks */,
				81BA81461A49DA1800E65899 /* Products */,
				E33BBB02E7276A6CB625031D /* Pods */,
			);
			sourceTree = "<group>";
		};
		81BA81461A49DA1800E65899 /* Products */ = {
			isa = PBXGroup;
			children = (
				81BA81451A49DA1800E65899 /* vite1.1.app */,
			);
			name = Products;
			sourceTree = "<group>";
		};
		81BA81471A49DA1800E65899 /* ParseStarterProject */ = {
			isa = PBXGroup;
			children = (
				9E87C0F81C51F2A600A7CF4F /* Launch Screen.storyboard */,
				9E87C1281C52069F00A7CF4F /* Main.storyboard */,
				81BA814A1A49DA1800E65899 /* AppDelegate.swift */,
				81BA814C1A49DA1800E65899 /* ViewController.swift */,
				9E87C1361C582B6F00A7CF4F /* choseEventPictureTransitionViewController.swift */,
				9E1A4BC31C51B7A6009B2D18 /* CreateEventController.swift */,
				9E1A4BBB1C518F23009B2D18 /* LoginController.swift */,
				9E87C1321C56CA2E00A7CF4F /* profileTab.swift */,
				9E234A851C5A9B54005C07D4 /* settingsTab.swift */,
				9E234A451C599236005C07D4 /* MenuTransitionManager .swift */,
				9E87C1341C57481E00A7CF4F /* TransitionManager.swift */,
				9E17D2C41C603284009CF49D /* EventRequestsController.swift */,
				9E17D2C61C603A01009CF49D /* requestUserTableViewCell.swift */,
				9E485A501C587BDC006B76A3 /* giphy.gif */,
			);
			path = ParseStarterProject;
			sourceTree = "<group>";
		};
		81BA816A1A49DB5600E65899 /* Frameworks */ = {
			isa = PBXGroup;
			children = (
				F34F28DB1C613A7A00E4B776 /* FBSDKCoreKit.framework */,
				F34F28DC1C613A7A00E4B776 /* FBSDKLoginKit.framework */,
				F34F28DD1C613A7A00E4B776 /* FBSDKShareKit.framework */,
				F34F28D31C613A0500E4B776 /* Bolts.framework */,
				F34F28D41C613A0500E4B776 /* Parse.framework */,
				F34F28D51C613A0500E4B776 /* ParseFacebookUtilsV4.framework */,
				F34F28D61C613A0500E4B776 /* ParseUI.framework */,
				F3C07D461C612FBB00841B83 /* SafariServices.framework */,
				9E87C13A1C58458100A7CF4F /* Crashlytics.framework */,
				9E87C1391C58458100A7CF4F /* Fabric.framework */,
				81BA81751A49E0C500E65899 /* System Frameworks */,
				D0979726921065C86ED1DA4F /* Pods_vite1_1.framework */,
			);
			name = Frameworks;
			sourceTree = "<group>";
		};
		81BA81751A49E0C500E65899 /* System Frameworks */ = {
			isa = PBXGroup;
			children = (
				81BA817E1A49E0F000E65899 /* libstdc++.6.dylib */,
				81BA817A1A49E0E500E65899 /* SystemConfiguration.framework */,
				81BA81781A49E0DB00E65899 /* AudioToolbox.framework */,
				81BA81761A49E0D500E65899 /* libsqlite3.dylib */,
			);
			name = "System Frameworks";
			sourceTree = "<group>";
		};
		E33BBB02E7276A6CB625031D /* Pods */ = {
			isa = PBXGroup;
			children = (
				A13ECDD4DB3AF027105B8476 /* Pods-vite1.1.debug.xcconfig */,
				17B3ADBDCC8E16085248CFFE /* Pods-vite1.1.release.xcconfig */,
			);
			name = Pods;
			sourceTree = "<group>";
		};
/* End PBXGroup section */

/* Begin PBXNativeTarget section */
		81BA81441A49DA1800E65899 /* vite1.1 */ = {
			isa = PBXNativeTarget;
			buildConfigurationList = 81BA81641A49DA1800E65899 /* Build configuration list for PBXNativeTarget "vite1.1" */;
			buildPhases = (
				9F1F893FFB01591670D0CDF5 /* Check Pods Manifest.lock */,
				81BA81411A49DA1800E65899 /* Sources */,
				81BA81421A49DA1800E65899 /* Frameworks */,
				81BA81431A49DA1800E65899 /* Resources */,
				DB20B6CE3E5C974D056CDBCC /* Embed Pods Frameworks */,
				654204354BA6F169FE37F6BE /* Copy Pods Resources */,
				9E87C1381C58453E00A7CF4F /* ShellScript */,
			);
			buildRules = (
			);
			dependencies = (
			);
			name = vite1.1;
			productName = ParseStarterProject;
			productReference = 81BA81451A49DA1800E65899 /* vite1.1.app */;
			productType = "com.apple.product-type.application";
		};
/* End PBXNativeTarget section */

/* Begin PBXProject section */
		81BA813D1A49DA1800E65899 /* Project object */ = {
			isa = PBXProject;
			attributes = {
				LastSwiftUpdateCheck = 0700;
				LastUpgradeCheck = 0720;
				ORGANIZATIONNAME = Parse;
				TargetAttributes = {
					81BA81441A49DA1800E65899 = {
						CreatedOnToolsVersion = 6.1.1;
					};
				};
			};
			buildConfigurationList = 81BA81401A49DA1800E65899 /* Build configuration list for PBXProject "vite1.1" */;
			compatibilityVersion = "Xcode 3.2";
			developmentRegion = English;
			hasScannedForEncodings = 0;
			knownRegions = (
				en,
				Base,
			);
			mainGroup = 81BA813C1A49DA1800E65899;
			productRefGroup = 81BA81461A49DA1800E65899 /* Products */;
			projectDirPath = "";
			projectRoot = "";
			targets = (
				81BA81441A49DA1800E65899 /* vite1.1 */,
			);
		};
/* End PBXProject section */

/* Begin PBXResourcesBuildPhase section */
		81BA81431A49DA1800E65899 /* Resources */ = {
			isa = PBXResourcesBuildPhase;
			buildActionMask = 2147483647;
			files = (
				9E1A4BC21C51B75B009B2D18 /* Assets.xcassets in Resources */,
				9E87C0F91C51F2A600A7CF4F /* Launch Screen.storyboard in Resources */,
				9E485A511C587BDC006B76A3 /* giphy.gif in Resources */,
				9E87C1291C52069F00A7CF4F /* Main.storyboard in Resources */,
			);
			runOnlyForDeploymentPostprocessing = 0;
		};
/* End PBXResourcesBuildPhase section */

/* Begin PBXShellScriptBuildPhase section */
		654204354BA6F169FE37F6BE /* Copy Pods Resources */ = {
			isa = PBXShellScriptBuildPhase;
			buildActionMask = 2147483647;
			files = (
			);
			inputPaths = (
			);
			name = "Copy Pods Resources";
			outputPaths = (
			);
			runOnlyForDeploymentPostprocessing = 0;
			shellPath = /bin/sh;
			shellScript = "\"${SRCROOT}/Pods/Target Support Files/Pods-vite1.1/Pods-vite1.1-resources.sh\"\n";
			showEnvVarsInLog = 0;
		};
		9E87C1381C58453E00A7CF4F /* ShellScript */ = {
			isa = PBXShellScriptBuildPhase;
			buildActionMask = 2147483647;
			files = (
			);
			inputPaths = (
			);
			outputPaths = (
			);
			runOnlyForDeploymentPostprocessing = 0;
			shellPath = /bin/sh;
			shellScript = "./Fabric.framework/run b9ffd8993ed1cc490e3913f57eae29f4a63c5a1a 250e51218cf17f31017e4e6b734134f7ef143cbb3fff711c146f9b88e2922571\n";
		};
		9F1F893FFB01591670D0CDF5 /* Check Pods Manifest.lock */ = {
			isa = PBXShellScriptBuildPhase;
			buildActionMask = 2147483647;
			files = (
			);
			inputPaths = (
			);
			name = "Check Pods Manifest.lock";
			outputPaths = (
			);
			runOnlyForDeploymentPostprocessing = 0;
			shellPath = /bin/sh;
			shellScript = "diff \"${PODS_ROOT}/../Podfile.lock\" \"${PODS_ROOT}/Manifest.lock\" > /dev/null\nif [[ $? != 0 ]] ; then\n    cat << EOM\nerror: The sandbox is not in sync with the Podfile.lock. Run 'pod install' or update your CocoaPods installation.\nEOM\n    exit 1\nfi\n";
			showEnvVarsInLog = 0;
		};
		DB20B6CE3E5C974D056CDBCC /* Embed Pods Frameworks */ = {
			isa = PBXShellScriptBuildPhase;
			buildActionMask = 2147483647;
			files = (
			);
			inputPaths = (
			);
			name = "Embed Pods Frameworks";
			outputPaths = (
			);
			runOnlyForDeploymentPostprocessing = 0;
			shellPath = /bin/sh;
			shellScript = "\"${SRCROOT}/Pods/Target Support Files/Pods-vite1.1/Pods-vite1.1-frameworks.sh\"\n";
			showEnvVarsInLog = 0;
		};
/* End PBXShellScriptBuildPhase section */

/* Begin PBXSourcesBuildPhase section */
		81BA81411A49DA1800E65899 /* Sources */ = {
			isa = PBXSourcesBuildPhase;
			buildActionMask = 2147483647;
			files = (
				9E17D2C71C603A01009CF49D /* requestUserTableViewCell.swift in Sources */,
				9E87C1351C57481E00A7CF4F /* TransitionManager.swift in Sources */,
				9E234A861C5A9B54005C07D4 /* settingsTab.swift in Sources */,
				9E17D2C51C603284009CF49D /* EventRequestsController.swift in Sources */,
				9E1A4BC41C51B7A6009B2D18 /* CreateEventController.swift in Sources */,
				9E234A461C599236005C07D4 /* MenuTransitionManager .swift in Sources */,
				81BA814D1A49DA1800E65899 /* ViewController.swift in Sources */,
				9E1A4BBC1C518F23009B2D18 /* LoginController.swift in Sources */,
				81BA814B1A49DA1800E65899 /* AppDelegate.swift in Sources */,
				9E87C1331C56CA2E00A7CF4F /* profileTab.swift in Sources */,
				9E87C1371C582B6F00A7CF4F /* choseEventPictureTransitionViewController.swift in Sources */,
			);
			runOnlyForDeploymentPostprocessing = 0;
		};
/* End PBXSourcesBuildPhase section */

/* Begin XCBuildConfiguration section */
		81BA81621A49DA1800E65899 /* Debug */ = {
			isa = XCBuildConfiguration;
			buildSettings = {
				ALWAYS_SEARCH_USER_PATHS = NO;
				ASSETCATALOG_COMPILER_APPICON_NAME = "";
				ASSETCATALOG_COMPILER_LAUNCHIMAGE_NAME = AppIcon;
				CLANG_CXX_LANGUAGE_STANDARD = "gnu++0x";
				CLANG_CXX_LIBRARY = "libc++";
				CLANG_ENABLE_MODULES = YES;
				CLANG_ENABLE_OBJC_ARC = YES;
				CLANG_WARN_BOOL_CONVERSION = YES;
				CLANG_WARN_CONSTANT_CONVERSION = YES;
				CLANG_WARN_DIRECT_OBJC_ISA_USAGE = YES_ERROR;
				CLANG_WARN_EMPTY_BODY = YES;
				CLANG_WARN_ENUM_CONVERSION = YES;
				CLANG_WARN_INT_CONVERSION = YES;
				CLANG_WARN_OBJC_ROOT_CLASS = YES_ERROR;
				CLANG_WARN_UNREACHABLE_CODE = YES;
				CLANG_WARN__DUPLICATE_METHOD_MATCH = YES;
				"CODE_SIGN_IDENTITY[sdk=iphoneos*]" = "iPhone Developer";
				COPY_PHASE_STRIP = NO;
				ENABLE_STRICT_OBJC_MSGSEND = YES;
				ENABLE_TESTABILITY = YES;
				GCC_C_LANGUAGE_STANDARD = gnu99;
				GCC_DYNAMIC_NO_PIC = NO;
				GCC_OPTIMIZATION_LEVEL = 0;
				GCC_PREPROCESSOR_DEFINITIONS = (
					"DEBUG=1",
					"$(inherited)",
				);
				GCC_SYMBOLS_PRIVATE_EXTERN = NO;
				GCC_WARN_64_TO_32_BIT_CONVERSION = YES;
				GCC_WARN_ABOUT_RETURN_TYPE = YES_ERROR;
				GCC_WARN_UNDECLARED_SELECTOR = YES;
				GCC_WARN_UNINITIALIZED_AUTOS = YES_AGGRESSIVE;
				GCC_WARN_UNUSED_FUNCTION = YES;
				GCC_WARN_UNUSED_VARIABLE = YES;
				IPHONEOS_DEPLOYMENT_TARGET = 9.2;
				MTL_ENABLE_DEBUG_INFO = YES;
				ONLY_ACTIVE_ARCH = YES;
				SDKROOT = iphoneos;
				SWIFT_OBJC_BRIDGING_HEADER = "vite1.1/Bridging-Header.h";
				SWIFT_OPTIMIZATION_LEVEL = "-Onone";
				TARGETED_DEVICE_FAMILY = "1,2";
			};
			name = Debug;
		};
		81BA81631A49DA1800E65899 /* Release */ = {
			isa = XCBuildConfiguration;
			buildSettings = {
				ALWAYS_SEARCH_USER_PATHS = NO;
				ASSETCATALOG_COMPILER_APPICON_NAME = "";
				ASSETCATALOG_COMPILER_LAUNCHIMAGE_NAME = AppIcon;
				CLANG_CXX_LANGUAGE_STANDARD = "gnu++0x";
				CLANG_CXX_LIBRARY = "libc++";
				CLANG_ENABLE_MODULES = YES;
				CLANG_ENABLE_OBJC_ARC = YES;
				CLANG_WARN_BOOL_CONVERSION = YES;
				CLANG_WARN_CONSTANT_CONVERSION = YES;
				CLANG_WARN_DIRECT_OBJC_ISA_USAGE = YES_ERROR;
				CLANG_WARN_EMPTY_BODY = YES;
				CLANG_WARN_ENUM_CONVERSION = YES;
				CLANG_WARN_INT_CONVERSION = YES;
				CLANG_WARN_OBJC_ROOT_CLASS = YES_ERROR;
				CLANG_WARN_UNREACHABLE_CODE = YES;
				CLANG_WARN__DUPLICATE_METHOD_MATCH = YES;
				"CODE_SIGN_IDENTITY[sdk=iphoneos*]" = "iPhone Developer";
				COPY_PHASE_STRIP = YES;
				ENABLE_NS_ASSERTIONS = NO;
				ENABLE_STRICT_OBJC_MSGSEND = YES;
				GCC_C_LANGUAGE_STANDARD = gnu99;
				GCC_WARN_64_TO_32_BIT_CONVERSION = YES;
				GCC_WARN_ABOUT_RETURN_TYPE = YES_ERROR;
				GCC_WARN_UNDECLARED_SELECTOR = YES;
				GCC_WARN_UNINITIALIZED_AUTOS = YES_AGGRESSIVE;
				GCC_WARN_UNUSED_FUNCTION = YES;
				GCC_WARN_UNUSED_VARIABLE = YES;
				IPHONEOS_DEPLOYMENT_TARGET = 9.2;
				MTL_ENABLE_DEBUG_INFO = NO;
				SDKROOT = iphoneos;
				SWIFT_OBJC_BRIDGING_HEADER = "vite1.1/Bridging-Header.h";
				TARGETED_DEVICE_FAMILY = "1,2";
				VALIDATE_PRODUCT = YES;
			};
			name = Release;
		};
		81BA81651A49DA1800E65899 /* Debug */ = {
			isa = XCBuildConfiguration;
			baseConfigurationReference = A13ECDD4DB3AF027105B8476 /* Pods-vite1.1.debug.xcconfig */;
			buildSettings = {
				ASSETCATALOG_COMPILER_APPICON_NAME = AppIcon;
				ASSETCATALOG_COMPILER_LAUNCHIMAGE_NAME = LaunchImage;
				FRAMEWORK_SEARCH_PATHS = (
					"$(inherited)",
					"$(PROJECT_DIR)",
				);
				INFOPLIST_FILE = Resources/Info.plist;
				IPHONEOS_DEPLOYMENT_TARGET = 9.1;
				LD_RUNPATH_SEARCH_PATHS = "$(inherited) @executable_path/Frameworks";
				PRODUCT_BUNDLE_IDENTIFIER = "com.parse.$(PRODUCT_NAME:rfc1034identifier)";
				PRODUCT_NAME = vite1.1;
				SWIFT_OBJC_BRIDGING_HEADER = "";
			};
			name = Debug;
		};
		81BA81661A49DA1800E65899 /* Release */ = {
			isa = XCBuildConfiguration;
			baseConfigurationReference = 17B3ADBDCC8E16085248CFFE /* Pods-vite1.1.release.xcconfig */;
			buildSettings = {
				ASSETCATALOG_COMPILER_APPICON_NAME = AppIcon;
				ASSETCATALOG_COMPILER_LAUNCHIMAGE_NAME = LaunchImage;
				FRAMEWORK_SEARCH_PATHS = (
					"$(inherited)",
					"$(PROJECT_DIR)",
				);
				INFOPLIST_FILE = Resources/Info.plist;
				IPHONEOS_DEPLOYMENT_TARGET = 9.1;
				LD_RUNPATH_SEARCH_PATHS = "$(inherited) @executable_path/Frameworks";
				PRODUCT_BUNDLE_IDENTIFIER = "com.parse.$(PRODUCT_NAME:rfc1034identifier)";
				PRODUCT_NAME = vite1.1;
				SWIFT_OBJC_BRIDGING_HEADER = "";
			};
			name = Release;
		};
/* End XCBuildConfiguration section */

/* Begin XCConfigurationList section */
		81BA81401A49DA1800E65899 /* Build configuration list for PBXProject "vite1.1" */ = {
			isa = XCConfigurationList;
			buildConfigurations = (
				81BA81621A49DA1800E65899 /* Debug */,
				81BA81631A49DA1800E65899 /* Release */,
			);
			defaultConfigurationIsVisible = 0;
			defaultConfigurationName = Release;
		};
		81BA81641A49DA1800E65899 /* Build configuration list for PBXNativeTarget "vite1.1" */ = {
			isa = XCConfigurationList;
			buildConfigurations = (
				81BA81651A49DA1800E65899 /* Debug */,
				81BA81661A49DA1800E65899 /* Release */,
			);
			defaultConfigurationIsVisible = 0;
			defaultConfigurationName = Release;
		};
/* End XCConfigurationList section */
	};
	rootObject = 81BA813D1A49DA1800E65899 /* Project object */;
}
